
Microsoft Visual Studio Solution File, Format Version 12.00
# Visual Studio Version 17
VisualStudioVersion = 17.0.31912.275
MinimumVisualStudioVersion = 10.0.40219.1
Project("{FAE04EC0-301F-11D3-BF4B-00C04F79EFBC}") = "MyAnimeList", "MyAnimeList\MyAnimeList.csproj", "{14B14FE0-8FC4-4F2B-AF80-F7EFEB674F1D}"
EndProject
Project("{FAE04EC0-301F-11D3-BF4B-00C04F79EFBC}") = "AnimeScraper", "AnimeScraper\AnimeScraper.csproj", "{77E5D528-D853-476E-8F9F-4AD30E57555B}"
EndProject
Project("{FAE04EC0-301F-11D3-BF4B-00C04F79EFBC}") = "AnimeScraperTest", "AnimeScraperTest\AnimeScraperTest.csproj", "{5C7E6384-FC8E-471F-B36F-A5D582144F91}"
EndProject
Project("{FAE04EC0-301F-11D3-BF4B-00C04F79EFBC}") = "GUI", "GUI\GUI.csproj", "{A2EFE76C-3F17-4EBC-B9C7-A363CC799847}"
EndProject
Global
	GlobalSection(SolutionConfigurationPlatforms) = preSolution
		Debug|Any CPU = Debug|Any CPU
		Release|Any CPU = Release|Any CPU
	EndGlobalSection
	GlobalSection(ProjectConfigurationPlatforms) = postSolution
		{14B14FE0-8FC4-4F2B-AF80-F7EFEB674F1D}.Debug|Any CPU.ActiveCfg = Debug|Any CPU
		{14B14FE0-8FC4-4F2B-AF80-F7EFEB674F1D}.Debug|Any CPU.Build.0 = Debug|Any CPU
		{14B14FE0-8FC4-4F2B-AF80-F7EFEB674F1D}.Release|Any CPU.ActiveCfg = Release|Any CPU
		{14B14FE0-8FC4-4F2B-AF80-F7EFEB674F1D}.Release|Any CPU.Build.0 = Release|Any CPU
		{77E5D528-D853-476E-8F9F-4AD30E57555B}.Debug|Any CPU.ActiveCfg = Debug|Any CPU
		{77E5D528-D853-476E-8F9F-4AD30E57555B}.Debug|Any CPU.Build.0 = Debug|Any CPU
		{77E5D528-D853-476E-8F9F-4AD30E57555B}.Release|Any CPU.ActiveCfg = Release|Any CPU
		{77E5D528-D853-476E-8F9F-4AD30E57555B}.Release|Any CPU.Build.0 = Release|Any CPU
		{5C7E6384-FC8E-471F-B36F-A5D582144F91}.Debug|Any CPU.ActiveCfg = Debug|Any CPU
		{5C7E6384-FC8E-471F-B36F-A5D582144F91}.Debug|Any CPU.Build.0 = Debug|Any CPU
		{5C7E6384-FC8E-471F-B36F-A5D582144F91}.Release|Any CPU.ActiveCfg = Release|Any CPU
		{5C7E6384-FC8E-471F-B36F-A5D582144F91}.Release|Any CPU.Build.0 = Release|Any CPU
		{A2EFE76C-3F17-4EBC-B9C7-A363CC799847}.Debug|Any CPU.ActiveCfg = Debug|Any CPU
		{A2EFE76C-3F17-4EBC-B9C7-A363CC799847}.Debug|Any CPU.Build.0 = Debug|Any CPU
		{A2EFE76C-3F17-4EBC-B9C7-A363CC799847}.Release|Any CPU.ActiveCfg = Release|Any CPU
		{A2EFE76C-3F17-4EBC-B9C7-A363CC799847}.Release|Any CPU.Build.0 = Release|Any CPU
	EndGlobalSection
	GlobalSection(SolutionProperties) = preSolution
		HideSolutionNode = FALSE
	EndGlobalSection
	GlobalSection(ExtensibilityGlobals) = postSolution
		SolutionGuid = {4864EBA2-471A-4355-8DE9-305E888ED45E}
	EndGlobalSection
EndGlobal
