
Microsoft Visual Studio Solution File, Format Version 12.00
# Visual Studio Version 17
VisualStudioVersion = 17.0.31912.275
MinimumVisualStudioVersion = 10.0.40219.1
Project("{9A19103F-16F7-4668-BE54-9A1E7A4F7556}") = "MyAnimeListDesktopApplication2", "MyAnimeListDesktopApplication2\MyAnimeListDesktopApplication2.csproj", "{DBF6ACF2-CAD7-4829-AD30-A7B59CC0F322}"
EndProject
Project("{FAE04EC0-301F-11D3-BF4B-00C04F79EFBC}") = "MyAnimeList", "MyAnimeList\MyAnimeList.csproj", "{14B14FE0-8FC4-4F2B-AF80-F7EFEB674F1D}"
EndProject
Project("{FAE04EC0-301F-11D3-BF4B-00C04F79EFBC}") = "Avalonia.AnimeViewer", "Avalonia.AnimeViewer\Avalonia.AnimeViewer.csproj", "{F07271D0-6108-4F7E-B9FA-36EF23D207D0}"
EndProject
Global
	GlobalSection(SolutionConfigurationPlatforms) = preSolution
		Debug|Any CPU = Debug|Any CPU
		Release|Any CPU = Release|Any CPU
	EndGlobalSection
	GlobalSection(ProjectConfigurationPlatforms) = postSolution
		{DBF6ACF2-CAD7-4829-AD30-A7B59CC0F322}.Debug|Any CPU.ActiveCfg = Debug|Any CPU
		{DBF6ACF2-CAD7-4829-AD30-A7B59CC0F322}.Debug|Any CPU.Build.0 = Debug|Any CPU
		{DBF6ACF2-CAD7-4829-AD30-A7B59CC0F322}.Release|Any CPU.ActiveCfg = Release|Any CPU
		{DBF6ACF2-CAD7-4829-AD30-A7B59CC0F322}.Release|Any CPU.Build.0 = Release|Any CPU
		{14B14FE0-8FC4-4F2B-AF80-F7EFEB674F1D}.Debug|Any CPU.ActiveCfg = Debug|Any CPU
		{14B14FE0-8FC4-4F2B-AF80-F7EFEB674F1D}.Debug|Any CPU.Build.0 = Debug|Any CPU
		{14B14FE0-8FC4-4F2B-AF80-F7EFEB674F1D}.Release|Any CPU.ActiveCfg = Release|Any CPU
		{14B14FE0-8FC4-4F2B-AF80-F7EFEB674F1D}.Release|Any CPU.Build.0 = Release|Any CPU
		{F07271D0-6108-4F7E-B9FA-36EF23D207D0}.Debug|Any CPU.ActiveCfg = Debug|Any CPU
		{F07271D0-6108-4F7E-B9FA-36EF23D207D0}.Debug|Any CPU.Build.0 = Debug|Any CPU
		{F07271D0-6108-4F7E-B9FA-36EF23D207D0}.Release|Any CPU.ActiveCfg = Release|Any CPU
		{F07271D0-6108-4F7E-B9FA-36EF23D207D0}.Release|Any CPU.Build.0 = Release|Any CPU
	EndGlobalSection
	GlobalSection(SolutionProperties) = preSolution
		HideSolutionNode = FALSE
	EndGlobalSection
	GlobalSection(ExtensibilityGlobals) = postSolution
		SolutionGuid = {4864EBA2-471A-4355-8DE9-305E888ED45E}
	EndGlobalSection
EndGlobal
